{
  "nodes": {
    "catppuccin": {
      "inputs": {
        "nixpkgs": [
          "nixpkgs"
        ]
      },
      "locked": {
        "lastModified": 1773403535,
        "narHash": "sha256-47MZaFrHxNO8tVUAmtVnerXUw2WWVluBOiU9MulN/yM=",
        "owner": "catppuccin",
        "repo": "nix",
        "rev": "d45b5665cc638bad1b794350de02f4dd41b0bb47",
        "type": "github"
      },
      "original": {
        "owner": "catppuccin",
        "repo": "nix",
        "type": "github"
      }
    },
    "disko": {
      "inputs": {
        "nixpkgs": [
          "nixpkgs"
        ]
      },
      "locked": {
        "lastModified": 1773025010,
        "narHash": "sha256-khlHllTsovXgT2GZ0WxT4+RvuMjNeR5OW0UYeEHPYQo=",
        "owner": "nix-community",
        "repo": "disko",
        "rev": "7b9f7f88ab3b339f8142dc246445abb3c370d3d3",
        "type": "github"
      },
      "original": {
        "owner": "nix-community",
        "repo": "disko",
        "type": "github"
      }
    },
    "home-manager": {
      "inputs": {
        "nixpkgs": [
          "nixpkgs"
        ]
      },
      "locked": {
        "lastModified": 1773367248,
        "narHash": "sha256-FFMc1uAwy2GYasd0rdNDVxKyAgzuoJH2M+GglBQbqf0=",
        "owner": "nix-community",
        "repo": "home-manager",
        "rev": "be0c641a6a5564caa33982faa1fe2c60d92131c7",
        "type": "github"
      },
      "original": {
        "owner": "nix-community",
        "repo": "home-manager",
        "type": "github"
      }
    },
    "nixos-hardware": {
      "locked": {
        "lastModified": 1772972630,
        "narHash": "sha256-mUJxsNOrBMNOUJzN0pfdVJ1r2pxeqm9gI/yIKXzVVbk=",
        "owner": "NixOS",
        "repo": "nixos-hardware",
        "rev": "3966ce987e1a9a164205ac8259a5fe8a64528f72",
        "type": "github"
      },
      "original": {
        "owner": "NixOS",
        "ref": "master",
        "repo": "nixos-hardware",
        "type": "github"
      }
    },
    "nixpkgs": {
      "locked": {
        "lastModified": 1773282481,
        "narHash": "sha256-b/GV2ysM8mKHhinse2wz+uP37epUrSE+sAKXy/xvBY4=",
        "owner": "NixOS",
        "repo": "nixpkgs",
        "rev": "fe416aaedd397cacb33a610b33d60ff2b431b127",
        "type": "github"
      },
      "original": {
        "owner": "NixOS",
        "ref": "nixos-unstable",
        "repo": "nixpkgs",
        "type": "github"
      }
    },
    "nixpkgs-small": {
      "locked": {
        "lastModified": 1773389992,
        "narHash": "sha256-wvfdLLWJ2I9oEpDd9PfMA8osfIZicoQ5MT1jIwNs9Tk=",
        "owner": "NixOS",
        "repo": "nixpkgs",
        "rev": "c06b4ae3d6599a672a6210b7021d699c351eebda",
        "type": "github"
      },
      "original": {
        "owner": "NixOS",
        "ref": "nixos-unstable-small",
        "repo": "nixpkgs",
        "type": "github"
      }
    },
    "quickshell": {
      "inputs": {
        "nixpkgs": [
          "nixpkgs"
        ]
      },
      "locked": {
        "lastModified": 1773392641,
        "narHash": "sha256-Qu768qE1C6nMpWYi+83AZt3jEwXE+NQKsgZ3fz3+vLE=",
        "owner": "quickshell-mirror",
        "repo": "quickshell",
        "rev": "4b77936c8019e0f51e0e62414c6de3556d5f8870",
        "type": "github"
      },
      "original": {
        "owner": "quickshell-mirror",
        "repo": "quickshell",
        "type": "github"
      }
    },
    "root": {
      "inputs": {
        "catppuccin": "catppuccin",
        "disko": "disko",
        "home-manager": "home-manager",
        "nixos-hardware": "nixos-hardware",
        "nixpkgs": "nixpkgs",
        "nixpkgs-small": "nixpkgs-small",
        "quickshell": "quickshell",
        "watt": "watt"
      }
    },
    "watt": {
      "inputs": {
        "nixpkgs": [
          "nixpkgs"
        ]
      },
      "locked": {
        "lastModified": 1771230567,
        "narHash": "sha256-KkjlOIxCzxoxi28louRYstaRlppHwM+t4tVPYzzhKOs=",
        "owner": "notashelf",
        "repo": "watt",
        "rev": "95749b5d508583562da74f83fb51a1506c9f96fe",
        "type": "github"
      },
      "original": {
        "owner": "notashelf",
        "repo": "watt",
        "type": "github"
      }
    }
  },
  "root": "root",
  "version": 7
}
